{
    "hash": "68ee16cd42965d9da9461d6ea594fa6e",
    "packages": [
        {
            "package": "peej/tonic",
            "version": "dev-master",
            "source-reference": "75a2db1baa60bd2ed9a7d591bd0c658a06956080",
            "commit-date": "1341601377"
        },
        {
            "package": "pimple/pimple",
            "version": "dev-master",
            "source-reference": "d2cfa2f02f50abef65c238747c753a5f6786f6be",
            "commit-date": "1341139100"
        }
    ],
    "packages-dev": null,
    "aliases": [

    ],
    "minimum-stability": "stable",
    "stability-flags": {
        "peej/tonic": 20,
        "pimple/pimple": 20
    }
}
